
Microsoft Visual Studio Solution File, Format Version 12.00
# Visual Studio 15
VisualStudioVersion = 15.0.28307.106
MinimumVisualStudioVersion = 10.0.40219.1
Project("{FAE04EC0-301F-11D3-BF4B-00C04F79EFBC}") = "QuizzicalFBLA.Android", "QuizzicalFBLA\QuizzicalFBLA.Android\QuizzicalFBLA.Android.csproj", "{24CE3C36-16B9-426D-AA0C-5961ECF8D88C}"
EndProject
Project("{FAE04EC0-301F-11D3-BF4B-00C04F79EFBC}") = "QuizzicalFBLA.iOS", "QuizzicalFBLA\QuizzicalFBLA.iOS\QuizzicalFBLA.iOS.csproj", "{7339F043-A73B-4D68-B5D8-D0C17A11C559}"
EndProject
Project("{FAE04EC0-301F-11D3-BF4B-00C04F79EFBC}") = "QuizzicalFBLA.UWP", "QuizzicalFBLA\QuizzicalFBLA.UWP\QuizzicalFBLA.UWP.csproj", "{DEBAC835-BBB3-411E-AE5E-E9152495FB9F}"
EndProject
Project("{9A19103F-16F7-4668-BE54-9A1E7A4F7556}") = "QuizzicalFBLA", "QuizzicalFBLA\QuizzicalFBLA\QuizzicalFBLA.csproj", "{06812524-E1D4-45FD-B1E4-033911515288}"
EndProject
Project("{9A19103F-16F7-4668-BE54-9A1E7A4F7556}") = "GameSparks.NET", "QuizzicalFBLA\GameSparks.NET\GameSparks.NET.csproj", "{2A0029AF-3B53-423A-B1E0-AA2B9863F9FD}"
EndProject
Project("{9A19103F-16F7-4668-BE54-9A1E7A4F7556}") = "GameSparks.NET.Authentication", "QuizzicalFBLA\GameSparks.NET.Authentication\GameSparks.NET.Authentication.csproj", "{1F04D011-65C7-4187-85B0-7C62CE9D44EB}"
EndProject
Global
	GlobalSection(SolutionConfigurationPlatforms) = preSolution
		Debug|Any CPU = Debug|Any CPU
		Debug|ARM = Debug|ARM
		Debug|iPhone = Debug|iPhone
		Debug|iPhoneSimulator = Debug|iPhoneSimulator
		Debug|x64 = Debug|x64
		Debug|x86 = Debug|x86
		Release|Any CPU = Release|Any CPU
		Release|ARM = Release|ARM
		Release|iPhone = Release|iPhone
		Release|iPhoneSimulator = Release|iPhoneSimulator
		Release|x64 = Release|x64
		Release|x86 = Release|x86
	EndGlobalSection
	GlobalSection(ProjectConfigurationPlatforms) = postSolution
		{24CE3C36-16B9-426D-AA0C-5961ECF8D88C}.Debug|Any CPU.ActiveCfg = Debug|Any CPU
		{24CE3C36-16B9-426D-AA0C-5961ECF8D88C}.Debug|Any CPU.Build.0 = Debug|Any CPU
		{24CE3C36-16B9-426D-AA0C-5961ECF8D88C}.Debug|Any CPU.Deploy.0 = Debug|Any CPU
		{24CE3C36-16B9-426D-AA0C-5961ECF8D88C}.Debug|ARM.ActiveCfg = Debug|Any CPU
		{24CE3C36-16B9-426D-AA0C-5961ECF8D88C}.Debug|ARM.Build.0 = Debug|Any CPU
		{24CE3C36-16B9-426D-AA0C-5961ECF8D88C}.Debug|ARM.Deploy.0 = Debug|Any CPU
		{24CE3C36-16B9-426D-AA0C-5961ECF8D88C}.Debug|iPhone.ActiveCfg = Debug|Any CPU
		{24CE3C36-16B9-426D-AA0C-5961ECF8D88C}.Debug|iPhone.Build.0 = Debug|Any CPU
		{24CE3C36-16B9-426D-AA0C-5961ECF8D88C}.Debug|iPhone.Deploy.0 = Debug|Any CPU
		{24CE3C36-16B9-426D-AA0C-5961ECF8D88C}.Debug|iPhoneSimulator.ActiveCfg = Debug|Any CPU
		{24CE3C36-16B9-426D-AA0C-5961ECF8D88C}.Debug|iPhoneSimulator.Build.0 = Debug|Any CPU
		{24CE3C36-16B9-426D-AA0C-5961ECF8D88C}.Debug|iPhoneSimulator.Deploy.0 = Debug|Any CPU
		{24CE3C36-16B9-426D-AA0C-5961ECF8D88C}.Debug|x64.ActiveCfg = Debug|Any CPU
		{24CE3C36-16B9-426D-AA0C-5961ECF8D88C}.Debug|x64.Build.0 = Debug|Any CPU
		{24CE3C36-16B9-426D-AA0C-5961ECF8D88C}.Debug|x64.Deploy.0 = Debug|Any CPU
		{24CE3C36-16B9-426D-AA0C-5961ECF8D88C}.Debug|x86.ActiveCfg = Debug|Any CPU
		{24CE3C36-16B9-426D-AA0C-5961ECF8D88C}.Debug|x86.Build.0 = Debug|Any CPU
		{24CE3C36-16B9-426D-AA0C-5961ECF8D88C}.Debug|x86.Deploy.0 = Debug|Any CPU
		{24CE3C36-16B9-426D-AA0C-5961ECF8D88C}.Release|Any CPU.ActiveCfg = Release|Any CPU
		{24CE3C36-16B9-426D-AA0C-5961ECF8D88C}.Release|Any CPU.Build.0 = Release|Any CPU
		{24CE3C36-16B9-426D-AA0C-5961ECF8D88C}.Release|Any CPU.Deploy.0 = Release|Any CPU
		{24CE3C36-16B9-426D-AA0C-5961ECF8D88C}.Release|ARM.ActiveCfg = Release|Any CPU
		{24CE3C36-16B9-426D-AA0C-5961ECF8D88C}.Release|ARM.Build.0 = Release|Any CPU
		{24CE3C36-16B9-426D-AA0C-5961ECF8D88C}.Release|ARM.Deploy.0 = Release|Any CPU
		{24CE3C36-16B9-426D-AA0C-5961ECF8D88C}.Release|iPhone.ActiveCfg = Release|Any CPU
		{24CE3C36-16B9-426D-AA0C-5961ECF8D88C}.Release|iPhone.Build.0 = Release|Any CPU
		{24CE3C36-16B9-426D-AA0C-5961ECF8D88C}.Release|iPhone.Deploy.0 = Release|Any CPU
		{24CE3C36-16B9-426D-AA0C-5961ECF8D88C}.Release|iPhoneSimulator.ActiveCfg = Release|Any CPU
		{24CE3C36-16B9-426D-AA0C-5961ECF8D88C}.Release|iPhoneSimulator.Build.0 = Release|Any CPU
		{24CE3C36-16B9-426D-AA0C-5961ECF8D88C}.Release|iPhoneSimulator.Deploy.0 = Release|Any CPU
		{24CE3C36-16B9-426D-AA0C-5961ECF8D88C}.Release|x64.ActiveCfg = Release|Any CPU
		{24CE3C36-16B9-426D-AA0C-5961ECF8D88C}.Release|x64.Build.0 = Release|Any CPU
		{24CE3C36-16B9-426D-AA0C-5961ECF8D88C}.Release|x64.Deploy.0 = Release|Any CPU
		{24CE3C36-16B9-426D-AA0C-5961ECF8D88C}.Release|x86.ActiveCfg = Release|Any CPU
		{24CE3C36-16B9-426D-AA0C-5961ECF8D88C}.Release|x86.Build.0 = Release|Any CPU
		{24CE3C36-16B9-426D-AA0C-5961ECF8D88C}.Release|x86.Deploy.0 = Release|Any CPU
		{7339F043-A73B-4D68-B5D8-D0C17A11C559}.Debug|Any CPU.ActiveCfg = Debug|iPhoneSimulator
		{7339F043-A73B-4D68-B5D8-D0C17A11C559}.Debug|Any CPU.Build.0 = Debug|iPhoneSimulator
		{7339F043-A73B-4D68-B5D8-D0C17A11C559}.Debug|Any CPU.Deploy.0 = Debug|iPhoneSimulator
		{7339F043-A73B-4D68-B5D8-D0C17A11C559}.Debug|ARM.ActiveCfg = Debug|iPhone
		{7339F043-A73B-4D68-B5D8-D0C17A11C559}.Debug|ARM.Build.0 = Debug|iPhone
		{7339F043-A73B-4D68-B5D8-D0C17A11C559}.Debug|ARM.Deploy.0 = Debug|iPhone
		{7339F043-A73B-4D68-B5D8-D0C17A11C559}.Debug|iPhone.ActiveCfg = Debug|iPhone
		{7339F043-A73B-4D68-B5D8-D0C17A11C559}.Debug|iPhone.Build.0 = Debug|iPhone
		{7339F043-A73B-4D68-B5D8-D0C17A11C559}.Debug|iPhone.Deploy.0 = Debug|iPhone
		{7339F043-A73B-4D68-B5D8-D0C17A11C559}.Debug|iPhoneSimulator.ActiveCfg = Debug|iPhoneSimulator
		{7339F043-A73B-4D68-B5D8-D0C17A11C559}.Debug|iPhoneSimulator.Build.0 = Debug|iPhoneSimulator
		{7339F043-A73B-4D68-B5D8-D0C17A11C559}.Debug|iPhoneSimulator.Deploy.0 = Debug|iPhoneSimulator
		{7339F043-A73B-4D68-B5D8-D0C17A11C559}.Debug|x64.ActiveCfg = Debug|iPhone
		{7339F043-A73B-4D68-B5D8-D0C17A11C559}.Debug|x64.Build.0 = Debug|iPhone
		{7339F043-A73B-4D68-B5D8-D0C17A11C559}.Debug|x64.Deploy.0 = Debug|iPhone
		{7339F043-A73B-4D68-B5D8-D0C17A11C559}.Debug|x86.ActiveCfg = Debug|iPhone
		{7339F043-A73B-4D68-B5D8-D0C17A11C559}.Debug|x86.Build.0 = Debug|iPhone
		{7339F043-A73B-4D68-B5D8-D0C17A11C559}.Debug|x86.Deploy.0 = Debug|iPhone
		{7339F043-A73B-4D68-B5D8-D0C17A11C559}.Release|Any CPU.ActiveCfg = Release|iPhone
		{7339F043-A73B-4D68-B5D8-D0C17A11C559}.Release|Any CPU.Build.0 = Release|iPhone
		{7339F043-A73B-4D68-B5D8-D0C17A11C559}.Release|Any CPU.Deploy.0 = Release|iPhone
		{7339F043-A73B-4D68-B5D8-D0C17A11C559}.Release|ARM.ActiveCfg = Release|iPhone
		{7339F043-A73B-4D68-B5D8-D0C17A11C559}.Release|ARM.Build.0 = Release|iPhone
		{7339F043-A73B-4D68-B5D8-D0C17A11C559}.Release|ARM.Deploy.0 = Release|iPhone
		{7339F043-A73B-4D68-B5D8-D0C17A11C559}.Release|iPhone.ActiveCfg = Release|iPhone
		{7339F043-A73B-4D68-B5D8-D0C17A11C559}.Release|iPhone.Build.0 = Release|iPhone
		{7339F043-A73B-4D68-B5D8-D0C17A11C559}.Release|iPhone.Deploy.0 = Release|iPhone
		{7339F043-A73B-4D68-B5D8-D0C17A11C559}.Release|iPhoneSimulator.ActiveCfg = Release|iPhoneSimulator
		{7339F043-A73B-4D68-B5D8-D0C17A11C559}.Release|iPhoneSimulator.Build.0 = Release|iPhoneSimulator
		{7339F043-A73B-4D68-B5D8-D0C17A11C559}.Release|iPhoneSimulator.Deploy.0 = Release|iPhoneSimulator
		{7339F043-A73B-4D68-B5D8-D0C17A11C559}.Release|x64.ActiveCfg = Release|iPhone
		{7339F043-A73B-4D68-B5D8-D0C17A11C559}.Release|x64.Build.0 = Release|iPhone
		{7339F043-A73B-4D68-B5D8-D0C17A11C559}.Release|x64.Deploy.0 = Release|iPhone
		{7339F043-A73B-4D68-B5D8-D0C17A11C559}.Release|x86.ActiveCfg = Release|iPhone
		{7339F043-A73B-4D68-B5D8-D0C17A11C559}.Release|x86.Build.0 = Release|iPhone
		{7339F043-A73B-4D68-B5D8-D0C17A11C559}.Release|x86.Deploy.0 = Release|iPhone
		{DEBAC835-BBB3-411E-AE5E-E9152495FB9F}.Debug|Any CPU.ActiveCfg = Debug|x86
		{DEBAC835-BBB3-411E-AE5E-E9152495FB9F}.Debug|Any CPU.Build.0 = Debug|x86
		{DEBAC835-BBB3-411E-AE5E-E9152495FB9F}.Debug|Any CPU.Deploy.0 = Debug|x86
		{DEBAC835-BBB3-411E-AE5E-E9152495FB9F}.Debug|ARM.ActiveCfg = Debug|ARM
		{DEBAC835-BBB3-411E-AE5E-E9152495FB9F}.Debug|ARM.Build.0 = Debug|ARM
		{DEBAC835-BBB3-411E-AE5E-E9152495FB9F}.Debug|ARM.Deploy.0 = Debug|ARM
		{DEBAC835-BBB3-411E-AE5E-E9152495FB9F}.Debug|iPhone.ActiveCfg = Debug|x86
		{DEBAC835-BBB3-411E-AE5E-E9152495FB9F}.Debug|iPhone.Build.0 = Debug|x86
		{DEBAC835-BBB3-411E-AE5E-E9152495FB9F}.Debug|iPhone.Deploy.0 = Debug|x86
		{DEBAC835-BBB3-411E-AE5E-E9152495FB9F}.Debug|iPhoneSimulator.ActiveCfg = Debug|x86
		{DEBAC835-BBB3-411E-AE5E-E9152495FB9F}.Debug|iPhoneSimulator.Build.0 = Debug|x86
		{DEBAC835-BBB3-411E-AE5E-E9152495FB9F}.Debug|iPhoneSimulator.Deploy.0 = Debug|x86
		{DEBAC835-BBB3-411E-AE5E-E9152495FB9F}.Debug|x64.ActiveCfg = Debug|x64
		{DEBAC835-BBB3-411E-AE5E-E9152495FB9F}.Debug|x64.Build.0 = Debug|x64
		{DEBAC835-BBB3-411E-AE5E-E9152495FB9F}.Debug|x64.Deploy.0 = Debug|x64
		{DEBAC835-BBB3-411E-AE5E-E9152495FB9F}.Debug|x86.ActiveCfg = Debug|x86
		{DEBAC835-BBB3-411E-AE5E-E9152495FB9F}.Debug|x86.Build.0 = Debug|x86
		{DEBAC835-BBB3-411E-AE5E-E9152495FB9F}.Debug|x86.Deploy.0 = Debug|x86
		{DEBAC835-BBB3-411E-AE5E-E9152495FB9F}.Release|Any CPU.ActiveCfg = Release|x86
		{DEBAC835-BBB3-411E-AE5E-E9152495FB9F}.Release|Any CPU.Build.0 = Release|x86
		{DEBAC835-BBB3-411E-AE5E-E9152495FB9F}.Release|Any CPU.Deploy.0 = Release|x86
		{DEBAC835-BBB3-411E-AE5E-E9152495FB9F}.Release|ARM.ActiveCfg = Release|ARM
		{DEBAC835-BBB3-411E-AE5E-E9152495FB9F}.Release|ARM.Build.0 = Release|ARM
		{DEBAC835-BBB3-411E-AE5E-E9152495FB9F}.Release|ARM.Deploy.0 = Release|ARM
		{DEBAC835-BBB3-411E-AE5E-E9152495FB9F}.Release|iPhone.ActiveCfg = Release|x86
		{DEBAC835-BBB3-411E-AE5E-E9152495FB9F}.Release|iPhone.Build.0 = Release|x86
		{DEBAC835-BBB3-411E-AE5E-E9152495FB9F}.Release|iPhone.Deploy.0 = Release|x86
		{DEBAC835-BBB3-411E-AE5E-E9152495FB9F}.Release|iPhoneSimulator.ActiveCfg = Release|x86
		{DEBAC835-BBB3-411E-AE5E-E9152495FB9F}.Release|iPhoneSimulator.Build.0 = Release|x86
		{DEBAC835-BBB3-411E-AE5E-E9152495FB9F}.Release|iPhoneSimulator.Deploy.0 = Release|x86
		{DEBAC835-BBB3-411E-AE5E-E9152495FB9F}.Release|x64.ActiveCfg = Release|x64
		{DEBAC835-BBB3-411E-AE5E-E9152495FB9F}.Release|x64.Build.0 = Release|x64
		{DEBAC835-BBB3-411E-AE5E-E9152495FB9F}.Release|x64.Deploy.0 = Release|x64
		{DEBAC835-BBB3-411E-AE5E-E9152495FB9F}.Release|x86.ActiveCfg = Release|x86
		{DEBAC835-BBB3-411E-AE5E-E9152495FB9F}.Release|x86.Build.0 = Release|x86
		{DEBAC835-BBB3-411E-AE5E-E9152495FB9F}.Release|x86.Deploy.0 = Release|x86
		{06812524-E1D4-45FD-B1E4-033911515288}.Debug|Any CPU.ActiveCfg = Debug|Any CPU
		{06812524-E1D4-45FD-B1E4-033911515288}.Debug|Any CPU.Build.0 = Debug|Any CPU
		{06812524-E1D4-45FD-B1E4-033911515288}.Debug|Any CPU.Deploy.0 = Debug|Any CPU
		{06812524-E1D4-45FD-B1E4-033911515288}.Debug|ARM.ActiveCfg = Debug|Any CPU
		{06812524-E1D4-45FD-B1E4-033911515288}.Debug|ARM.Build.0 = Debug|Any CPU
		{06812524-E1D4-45FD-B1E4-033911515288}.Debug|ARM.Deploy.0 = Debug|Any CPU
		{06812524-E1D4-45FD-B1E4-033911515288}.Debug|iPhone.ActiveCfg = Debug|Any CPU
		{06812524-E1D4-45FD-B1E4-033911515288}.Debug|iPhone.Build.0 = Debug|Any CPU
		{06812524-E1D4-45FD-B1E4-033911515288}.Debug|iPhone.Deploy.0 = Debug|Any CPU
		{06812524-E1D4-45FD-B1E4-033911515288}.Debug|iPhoneSimulator.ActiveCfg = Debug|Any CPU
		{06812524-E1D4-45FD-B1E4-033911515288}.Debug|iPhoneSimulator.Build.0 = Debug|Any CPU
		{06812524-E1D4-45FD-B1E4-033911515288}.Debug|iPhoneSimulator.Deploy.0 = Debug|Any CPU
		{06812524-E1D4-45FD-B1E4-033911515288}.Debug|x64.ActiveCfg = Debug|Any CPU
		{06812524-E1D4-45FD-B1E4-033911515288}.Debug|x64.Build.0 = Debug|Any CPU
		{06812524-E1D4-45FD-B1E4-033911515288}.Debug|x64.Deploy.0 = Debug|Any CPU
		{06812524-E1D4-45FD-B1E4-033911515288}.Debug|x86.ActiveCfg = Debug|Any CPU
		{06812524-E1D4-45FD-B1E4-033911515288}.Debug|x86.Build.0 = Debug|Any CPU
		{06812524-E1D4-45FD-B1E4-033911515288}.Debug|x86.Deploy.0 = Debug|Any CPU
		{06812524-E1D4-45FD-B1E4-033911515288}.Release|Any CPU.ActiveCfg = Release|Any CPU
		{06812524-E1D4-45FD-B1E4-033911515288}.Release|Any CPU.Build.0 = Release|Any CPU
		{06812524-E1D4-45FD-B1E4-033911515288}.Release|Any CPU.Deploy.0 = Release|Any CPU
		{06812524-E1D4-45FD-B1E4-033911515288}.Release|ARM.ActiveCfg = Release|Any CPU
		{06812524-E1D4-45FD-B1E4-033911515288}.Release|ARM.Build.0 = Release|Any CPU
		{06812524-E1D4-45FD-B1E4-033911515288}.Release|ARM.Deploy.0 = Release|Any CPU
		{06812524-E1D4-45FD-B1E4-033911515288}.Release|iPhone.ActiveCfg = Release|Any CPU
		{06812524-E1D4-45FD-B1E4-033911515288}.Release|iPhone.Build.0 = Release|Any CPU
		{06812524-E1D4-45FD-B1E4-033911515288}.Release|iPhone.Deploy.0 = Release|Any CPU
		{06812524-E1D4-45FD-B1E4-033911515288}.Release|iPhoneSimulator.ActiveCfg = Release|Any CPU
		{06812524-E1D4-45FD-B1E4-033911515288}.Release|iPhoneSimulator.Build.0 = Release|Any CPU
		{06812524-E1D4-45FD-B1E4-033911515288}.Release|iPhoneSimulator.Deploy.0 = Release|Any CPU
		{06812524-E1D4-45FD-B1E4-033911515288}.Release|x64.ActiveCfg = Release|Any CPU
		{06812524-E1D4-45FD-B1E4-033911515288}.Release|x64.Build.0 = Release|Any CPU
		{06812524-E1D4-45FD-B1E4-033911515288}.Release|x64.Deploy.0 = Release|Any CPU
		{06812524-E1D4-45FD-B1E4-033911515288}.Release|x86.ActiveCfg = Release|Any CPU
		{06812524-E1D4-45FD-B1E4-033911515288}.Release|x86.Build.0 = Release|Any CPU
		{06812524-E1D4-45FD-B1E4-033911515288}.Release|x86.Deploy.0 = Release|Any CPU
		{2A0029AF-3B53-423A-B1E0-AA2B9863F9FD}.Debug|Any CPU.ActiveCfg = Debug|Any CPU
		{2A0029AF-3B53-423A-B1E0-AA2B9863F9FD}.Debug|Any CPU.Build.0 = Debug|Any CPU
		{2A0029AF-3B53-423A-B1E0-AA2B9863F9FD}.Debug|ARM.ActiveCfg = Debug|Any CPU
		{2A0029AF-3B53-423A-B1E0-AA2B9863F9FD}.Debug|ARM.Build.0 = Debug|Any CPU
		{2A0029AF-3B53-423A-B1E0-AA2B9863F9FD}.Debug|iPhone.ActiveCfg = Debug|Any CPU
		{2A0029AF-3B53-423A-B1E0-AA2B9863F9FD}.Debug|iPhone.Build.0 = Debug|Any CPU
		{2A0029AF-3B53-423A-B1E0-AA2B9863F9FD}.Debug|iPhoneSimulator.ActiveCfg = Debug|Any CPU
		{2A0029AF-3B53-423A-B1E0-AA2B9863F9FD}.Debug|iPhoneSimulator.Build.0 = Debug|Any CPU
		{2A0029AF-3B53-423A-B1E0-AA2B9863F9FD}.Debug|x64.ActiveCfg = Debug|Any CPU
		{2A0029AF-3B53-423A-B1E0-AA2B9863F9FD}.Debug|x64.Build.0 = Debug|Any CPU
		{2A0029AF-3B53-423A-B1E0-AA2B9863F9FD}.Debug|x86.ActiveCfg = Debug|Any CPU
		{2A0029AF-3B53-423A-B1E0-AA2B9863F9FD}.Debug|x86.Build.0 = Debug|Any CPU
		{2A0029AF-3B53-423A-B1E0-AA2B9863F9FD}.Release|Any CPU.ActiveCfg = Release|Any CPU
		{2A0029AF-3B53-423A-B1E0-AA2B9863F9FD}.Release|Any CPU.Build.0 = Release|Any CPU
		{2A0029AF-3B53-423A-B1E0-AA2B9863F9FD}.Release|ARM.ActiveCfg = Release|Any CPU
		{2A0029AF-3B53-423A-B1E0-AA2B9863F9FD}.Release|ARM.Build.0 = Release|Any CPU
		{2A0029AF-3B53-423A-B1E0-AA2B9863F9FD}.Release|iPhone.ActiveCfg = Release|Any CPU
		{2A0029AF-3B53-423A-B1E0-AA2B9863F9FD}.Release|iPhone.Build.0 = Release|Any CPU
		{2A0029AF-3B53-423A-B1E0-AA2B9863F9FD}.Release|iPhoneSimulator.ActiveCfg = Release|Any CPU
		{2A0029AF-3B53-423A-B1E0-AA2B9863F9FD}.Release|iPhoneSimulator.Build.0 = Release|Any CPU
		{2A0029AF-3B53-423A-B1E0-AA2B9863F9FD}.Release|x64.ActiveCfg = Release|Any CPU
		{2A0029AF-3B53-423A-B1E0-AA2B9863F9FD}.Release|x64.Build.0 = Release|Any CPU
		{2A0029AF-3B53-423A-B1E0-AA2B9863F9FD}.Release|x86.ActiveCfg = Release|Any CPU
		{2A0029AF-3B53-423A-B1E0-AA2B9863F9FD}.Release|x86.Build.0 = Release|Any CPU
		{1F04D011-65C7-4187-85B0-7C62CE9D44EB}.Debug|Any CPU.ActiveCfg = Debug|Any CPU
		{1F04D011-65C7-4187-85B0-7C62CE9D44EB}.Debug|Any CPU.Build.0 = Debug|Any CPU
		{1F04D011-65C7-4187-85B0-7C62CE9D44EB}.Debug|ARM.ActiveCfg = Debug|Any CPU
		{1F04D011-65C7-4187-85B0-7C62CE9D44EB}.Debug|ARM.Build.0 = Debug|Any CPU
		{1F04D011-65C7-4187-85B0-7C62CE9D44EB}.Debug|iPhone.ActiveCfg = Debug|Any CPU
		{1F04D011-65C7-4187-85B0-7C62CE9D44EB}.Debug|iPhone.Build.0 = Debug|Any CPU
		{1F04D011-65C7-4187-85B0-7C62CE9D44EB}.Debug|iPhoneSimulator.ActiveCfg = Debug|Any CPU
		{1F04D011-65C7-4187-85B0-7C62CE9D44EB}.Debug|iPhoneSimulator.Build.0 = Debug|Any CPU
		{1F04D011-65C7-4187-85B0-7C62CE9D44EB}.Debug|x64.ActiveCfg = Debug|Any CPU
		{1F04D011-65C7-4187-85B0-7C62CE9D44EB}.Debug|x64.Build.0 = Debug|Any CPU
		{1F04D011-65C7-4187-85B0-7C62CE9D44EB}.Debug|x86.ActiveCfg = Debug|Any CPU
		{1F04D011-65C7-4187-85B0-7C62CE9D44EB}.Debug|x86.Build.0 = Debug|Any CPU
		{1F04D011-65C7-4187-85B0-7C62CE9D44EB}.Release|Any CPU.ActiveCfg = Release|Any CPU
		{1F04D011-65C7-4187-85B0-7C62CE9D44EB}.Release|Any CPU.Build.0 = Release|Any CPU
		{1F04D011-65C7-4187-85B0-7C62CE9D44EB}.Release|ARM.ActiveCfg = Release|Any CPU
		{1F04D011-65C7-4187-85B0-7C62CE9D44EB}.Release|ARM.Build.0 = Release|Any CPU
		{1F04D011-65C7-4187-85B0-7C62CE9D44EB}.Release|iPhone.ActiveCfg = Release|Any CPU
		{1F04D011-65C7-4187-85B0-7C62CE9D44EB}.Release|iPhone.Build.0 = Release|Any CPU
		{1F04D011-65C7-4187-85B0-7C62CE9D44EB}.Release|iPhoneSimulator.ActiveCfg = Release|Any CPU
		{1F04D011-65C7-4187-85B0-7C62CE9D44EB}.Release|iPhoneSimulator.Build.0 = Release|Any CPU
		{1F04D011-65C7-4187-85B0-7C62CE9D44EB}.Release|x64.ActiveCfg = Release|Any CPU
		{1F04D011-65C7-4187-85B0-7C62CE9D44EB}.Release|x64.Build.0 = Release|Any CPU
		{1F04D011-65C7-4187-85B0-7C62CE9D44EB}.Release|x86.ActiveCfg = Release|Any CPU
		{1F04D011-65C7-4187-85B0-7C62CE9D44EB}.Release|x86.Build.0 = Release|Any CPU
	EndGlobalSection
	GlobalSection(SolutionProperties) = preSolution
		HideSolutionNode = FALSE
	EndGlobalSection
	GlobalSection(ExtensibilityGlobals) = postSolution
		SolutionGuid = {E321C7A9-17AC-41DF-BDEE-2F0C3F6E5946}
	EndGlobalSection
EndGlobal
